
Microsoft Visual Studio Solution File, Format Version 12.00
# Visual Studio Version 17
VisualStudioVersion = 17.1.32210.238
MinimumVisualStudioVersion = 10.0.40219.1
Project("{FAE04EC0-301F-11D3-BF4B-00C04F79EFBC}") = "FigureArea", "FigureArea\FigureArea.csproj", "{5DFDBDB1-ABD4-4556-B3F1-DCDCD3596700}"
EndProject
Project("{FAE04EC0-301F-11D3-BF4B-00C04F79EFBC}") = "FigureAreaTest", "FigureAreaTest\FigureAreaTest.csproj", "{10AD0588-33E6-49B6-A8BB-BF876F885DA5}"
EndProject
Project("{FAE04EC0-301F-11D3-BF4B-00C04F79EFBC}") = "DemonstrationFigureArea", "DemonstrationFigureArea\DemonstrationFigureArea.csproj", "{7FA67B6C-BA1F-48A9-817A-4B66ADC5528E}"
EndProject
Global
	GlobalSection(SolutionConfigurationPlatforms) = preSolution
		Debug|Any CPU = Debug|Any CPU
		Release|Any CPU = Release|Any CPU
	EndGlobalSection
	GlobalSection(ProjectConfigurationPlatforms) = postSolution
		{5DFDBDB1-ABD4-4556-B3F1-DCDCD3596700}.Debug|Any CPU.ActiveCfg = Debug|Any CPU
		{5DFDBDB1-ABD4-4556-B3F1-DCDCD3596700}.Debug|Any CPU.Build.0 = Debug|Any CPU
		{5DFDBDB1-ABD4-4556-B3F1-DCDCD3596700}.Release|Any CPU.ActiveCfg = Release|Any CPU
		{5DFDBDB1-ABD4-4556-B3F1-DCDCD3596700}.Release|Any CPU.Build.0 = Release|Any CPU
		{10AD0588-33E6-49B6-A8BB-BF876F885DA5}.Debug|Any CPU.ActiveCfg = Debug|Any CPU
		{10AD0588-33E6-49B6-A8BB-BF876F885DA5}.Debug|Any CPU.Build.0 = Debug|Any CPU
		{10AD0588-33E6-49B6-A8BB-BF876F885DA5}.Release|Any CPU.ActiveCfg = Release|Any CPU
		{10AD0588-33E6-49B6-A8BB-BF876F885DA5}.Release|Any CPU.Build.0 = Release|Any CPU
		{7FA67B6C-BA1F-48A9-817A-4B66ADC5528E}.Debug|Any CPU.ActiveCfg = Debug|Any CPU
		{7FA67B6C-BA1F-48A9-817A-4B66ADC5528E}.Debug|Any CPU.Build.0 = Debug|Any CPU
		{7FA67B6C-BA1F-48A9-817A-4B66ADC5528E}.Release|Any CPU.ActiveCfg = Release|Any CPU
		{7FA67B6C-BA1F-48A9-817A-4B66ADC5528E}.Release|Any CPU.Build.0 = Release|Any CPU
	EndGlobalSection
	GlobalSection(SolutionProperties) = preSolution
		HideSolutionNode = FALSE
	EndGlobalSection
	GlobalSection(ExtensibilityGlobals) = postSolution
		SolutionGuid = {194B8806-7233-48AF-A708-4CA26E5375DD}
	EndGlobalSection
EndGlobal
